
Microsoft Visual Studio Solution File, Format Version 12.00
# Visual Studio Version 16
VisualStudioVersion = 16.0.30204.135
MinimumVisualStudioVersion = 10.0.40219.1
Project("{9A19103F-16F7-4668-BE54-9A1E7A4F7556}") = "ISDb.Domain", "ISDb.Domain\ISDb.Domain.csproj", "{D0F2C780-F80A-48FB-8BA5-98E044BD8C27}"
EndProject
Project("{FAE04EC0-301F-11D3-BF4B-00C04F79EFBC}") = "ISDb.Application", "ISDb.Application\ISDb.Application.csproj", "{13DD0268-0154-47CC-905B-D69DDDCC495A}"
EndProject
Project("{FAE04EC0-301F-11D3-BF4B-00C04F79EFBC}") = "ISDb.API", "ISDb.API\ISDb.API.csproj", "{C1B994F8-3F12-455B-8C1C-CCC7F58B8200}"
EndProject
Global
	GlobalSection(SolutionConfigurationPlatforms) = preSolution
		Debug|Any CPU = Debug|Any CPU
		Release|Any CPU = Release|Any CPU
	EndGlobalSection
	GlobalSection(ProjectConfigurationPlatforms) = postSolution
		{D0F2C780-F80A-48FB-8BA5-98E044BD8C27}.Debug|Any CPU.ActiveCfg = Debug|Any CPU
		{D0F2C780-F80A-48FB-8BA5-98E044BD8C27}.Debug|Any CPU.Build.0 = Debug|Any CPU
		{D0F2C780-F80A-48FB-8BA5-98E044BD8C27}.Release|Any CPU.ActiveCfg = Release|Any CPU
		{D0F2C780-F80A-48FB-8BA5-98E044BD8C27}.Release|Any CPU.Build.0 = Release|Any CPU
		{13DD0268-0154-47CC-905B-D69DDDCC495A}.Debug|Any CPU.ActiveCfg = Debug|Any CPU
		{13DD0268-0154-47CC-905B-D69DDDCC495A}.Debug|Any CPU.Build.0 = Debug|Any CPU
		{13DD0268-0154-47CC-905B-D69DDDCC495A}.Release|Any CPU.ActiveCfg = Release|Any CPU
		{13DD0268-0154-47CC-905B-D69DDDCC495A}.Release|Any CPU.Build.0 = Release|Any CPU
		{C1B994F8-3F12-455B-8C1C-CCC7F58B8200}.Debug|Any CPU.ActiveCfg = Debug|Any CPU
		{C1B994F8-3F12-455B-8C1C-CCC7F58B8200}.Debug|Any CPU.Build.0 = Debug|Any CPU
		{C1B994F8-3F12-455B-8C1C-CCC7F58B8200}.Release|Any CPU.ActiveCfg = Release|Any CPU
		{C1B994F8-3F12-455B-8C1C-CCC7F58B8200}.Release|Any CPU.Build.0 = Release|Any CPU
	EndGlobalSection
	GlobalSection(SolutionProperties) = preSolution
		HideSolutionNode = FALSE
	EndGlobalSection
	GlobalSection(ExtensibilityGlobals) = postSolution
		SolutionGuid = {C7BB3FEF-B58B-4509-AAF4-FB6EC60BC0E4}
	EndGlobalSection
EndGlobal
